// !$*UTF8*$!
{
	archiveVersion = 1;
	classes = {
	};
	objectVersion = 46;
	objects = {

/* Begin PBXBuildFile section */
		222532A5176F2AEA00358368 /* UIKit.framework in Frameworks */ = {isa = PBXBuildFile; fileRef = 222532A4176F2AEA00358368 /* UIKit.framework */; };
		222532A6176F2AEA00358368 /* Foundation.framework in Frameworks */ = {isa = PBXBuildFile; fileRef = 22DB733B16401FE600924BEB /* Foundation.framework */; };
		222532A8176F2AEA00358368 /* CoreGraphics.framework in Frameworks */ = {isa = PBXBuildFile; fileRef = 222532A7176F2AEA00358368 /* CoreGraphics.framework */; };
		222532AE176F2AEA00358368 /* InfoPlist.strings in Resources */ = {isa = PBXBuildFile; fileRef = 222532AC176F2AEA00358368 /* InfoPlist.strings */; };
		222532B0176F2AEA00358368 /* main.m in Sources */ = {isa = PBXBuildFile; fileRef = 222532AF176F2AEA00358368 /* main.m */; };
		222532B4176F2AEA00358368 /* AppDelegate.m in Sources */ = {isa = PBXBuildFile; fileRef = 222532B3176F2AEA00358368 /* AppDelegate.m */; };
		222532B6176F2AEA00358368 /* Default.png in Resources */ = {isa = PBXBuildFile; fileRef = 222532B5176F2AEA00358368 /* Default.png */; };
		222532B8176F2AEA00358368 /* Default@2x.png in Resources */ = {isa = PBXBuildFile; fileRef = 222532B7176F2AEA00358368 /* Default@2x.png */; };
		222532BA176F2AEA00358368 /* Default-568h@2x.png in Resources */ = {isa = PBXBuildFile; fileRef = 222532B9176F2AEA00358368 /* Default-568h@2x.png */; };
		222532BD176F2AEA00358368 /* MainStoryboard.storyboard in Resources */ = {isa = PBXBuildFile; fileRef = 222532BB176F2AEA00358368 /* MainStoryboard.storyboard */; };
		222532C0176F2AEA00358368 /* ViewController.m in Sources */ = {isa = PBXBuildFile; fileRef = 222532BF176F2AEA00358368 /* ViewController.m */; };
		222532CA176F2BCA00358368 /* SNMPController.mm in Sources */ = {isa = PBXBuildFile; fileRef = 222532C9176F2BCA00358368 /* SNMPController.mm */; };
		222532CD176F46A900358368 /* libMobileSNMP_PP.a in Frameworks */ = {isa = PBXBuildFile; fileRef = 22DB733816401FE600924BEB /* libMobileSNMP_PP.a */; };
		222532D0176F484E00358368 /* XISMobile_SNMP_PP.h in Resources */ = {isa = PBXBuildFile; fileRef = 22DB73491640202D00924BEB /* XISMobile_SNMP_PP.h */; };
		22DB733C16401FE600924BEB /* Foundation.framework in Frameworks */ = {isa = PBXBuildFile; fileRef = 22DB733B16401FE600924BEB /* Foundation.framework */; };
		22DB734B1640202D00924BEB /* XISMobile_SNMP_PP.mm in Sources */ = {isa = PBXBuildFile; fileRef = 22DB734A1640202D00924BEB /* XISMobile_SNMP_PP.mm */; };
		22DB73DA1640205C00924BEB /* address.cpp in Sources */ = {isa = PBXBuildFile; fileRef = 22DB73761640205B00924BEB /* address.cpp */; };
		22DB73DD1640205C00924BEB /* asn1.cpp in Sources */ = {isa = PBXBuildFile; fileRef = 22DB73791640205C00924BEB /* asn1.cpp */; };
		22DB73E01640205C00924BEB /* auth_priv.cpp in Sources */ = {isa = PBXBuildFile; fileRef = 22DB737C1640205C00924BEB /* auth_priv.cpp */; };
		22DB73E31640205C00924BEB /* counter.cpp in Sources */ = {isa = PBXBuildFile; fileRef = 22DB73801640205C00924BEB /* counter.cpp */; };
		22DB73E61640205C00924BEB /* ctr64.cpp in Sources */ = {isa = PBXBuildFile; fileRef = 22DB73831640205C00924BEB /* ctr64.cpp */; };
		22DB73E91640205C00924BEB /* eventlist.cpp in Sources */ = {isa = PBXBuildFile; fileRef = 22DB73861640205C00924BEB /* eventlist.cpp */; };
		22DB73EC1640205C00924BEB /* eventlistholder.cpp in Sources */ = {isa = PBXBuildFile; fileRef = 22DB73891640205C00924BEB /* eventlistholder.cpp */; };
		22DB73EF1640205C00924BEB /* gauge.cpp in Sources */ = {isa = PBXBuildFile; fileRef = 22DB738C1640205C00924BEB /* gauge.cpp */; };
		22DB73F21640205C00924BEB /* idea.cpp in Sources */ = {isa = PBXBuildFile; fileRef = 22DB738F1640205C00924BEB /* idea.cpp */; };
		22DB73F51640205C00924BEB /* integer.cpp in Sources */ = {isa = PBXBuildFile; fileRef = 22DB73921640205C00924BEB /* integer.cpp */; };
		22DB73F81640205C00924BEB /* IPv6Utility.cpp in Sources */ = {isa = PBXBuildFile; fileRef = 22DB73951640205C00924BEB /* IPv6Utility.cpp */; };
		22DB73FB1640205C00924BEB /* log.cpp in Sources */ = {isa = PBXBuildFile; fileRef = 22DB73981640205C00924BEB /* log.cpp */; };
		22DB73FE1640205C00924BEB /* md5c.cpp in Sources */ = {isa = PBXBuildFile; fileRef = 22DB73A61640205C00924BEB /* md5c.cpp */; };
		22DB74011640205C00924BEB /* mp_v3.cpp in Sources */ = {isa = PBXBuildFile; fileRef = 22DB73A91640205C00924BEB /* mp_v3.cpp */; };
		22DB74041640205C00924BEB /* msec.cpp in Sources */ = {isa = PBXBuildFile; fileRef = 22DB73AC1640205C00924BEB /* msec.cpp */; };
		22DB74071640205C00924BEB /* msgqueue.cpp in Sources */ = {isa = PBXBuildFile; fileRef = 22DB73AF1640205C00924BEB /* msgqueue.cpp */; };
		22DB740A1640205C00924BEB /* notifyqueue.cpp in Sources */ = {isa = PBXBuildFile; fileRef = 22DB73B21640205C00924BEB /* notifyqueue.cpp */; };
		22DB740D1640205C00924BEB /* octet.cpp in Sources */ = {isa = PBXBuildFile; fileRef = 22DB73B51640205C00924BEB /* octet.cpp */; };
		22DB74101640205C00924BEB /* oid.cpp in Sources */ = {isa = PBXBuildFile; fileRef = 22DB73B81640205C00924BEB /* oid.cpp */; };
		22DB74131640205C00924BEB /* pdu.cpp in Sources */ = {isa = PBXBuildFile; fileRef = 22DB73BB1640205C00924BEB /* pdu.cpp */; };
		22DB74161640205C00924BEB /* reentrant.cpp in Sources */ = {isa = PBXBuildFile; fileRef = 22DB73BE1640205C00924BEB /* reentrant.cpp */; };
		22DB74191640205C00924BEB /* sha.cpp in Sources */ = {isa = PBXBuildFile; fileRef = 22DB73C11640205C00924BEB /* sha.cpp */; };
		22DB741C1640205C00924BEB /* snmpmsg.cpp in Sources */ = {isa = PBXBuildFile; fileRef = 22DB73C41640205C00924BEB /* snmpmsg.cpp */; };
		22DB741F1640205C00924BEB /* target.cpp in Sources */ = {isa = PBXBuildFile; fileRef = 22DB73C71640205C00924BEB /* target.cpp */; };
		22DB74221640205C00924BEB /* timetick.cpp in Sources */ = {isa = PBXBuildFile; fileRef = 22DB73CA1640205C00924BEB /* timetick.cpp */; };
		22DB74251640205C00924BEB /* usm_v3.cpp in Sources */ = {isa = PBXBuildFile; fileRef = 22DB73CD1640205C00924BEB /* usm_v3.cpp */; };
		22DB74281640205C00924BEB /* uxsnmp.cpp in Sources */ = {isa = PBXBuildFile; fileRef = 22DB73D01640205C00924BEB /* uxsnmp.cpp */; };
		22DB742B1640205C00924BEB /* v3.cpp in Sources */ = {isa = PBXBuildFile; fileRef = 22DB73D31640205C00924BEB /* v3.cpp */; };
		22DB742E1640205C00924BEB /* vb.cpp in Sources */ = {isa = PBXBuildFile; fileRef = 22DB73D61640205C00924BEB /* vb.cpp */; };
/* End PBXBuildFile section */

/* Begin PBXContainerItemProxy section */
		222532CE176F46AF00358368 /* PBXContainerItemProxy */ = {
			isa = PBXContainerItemProxy;
			containerPortal = 22DB732F16401FE600924BEB /* Project object */;
			proxyType = 1;
			remoteGlobalIDString = 22DB733716401FE600924BEB;
			remoteInfo = MobileSNMP_PP;
		};
/* End PBXContainerItemProxy section */

/* Begin PBXCopyFilesBuildPhase section */
		22DB733616401FE600924BEB /* CopyFiles */ = {
			isa = PBXCopyFilesBuildPhase;
			buildActionMask = 2147483647;
			dstPath = "include/${PRODUCT_NAME}";
			dstSubfolderSpec = 16;
			files = (
			);
			runOnlyForDeploymentPostprocessing = 0;
		};
/* End PBXCopyFilesBuildPhase section */

/* Begin PBXFileReference section */
		222532A3176F2AEA00358368 /* snmpGetSample.app */ = {isa = PBXFileReference; explicitFileType = wrapper.application; includeInIndex = 0; path = snmpGetSample.app; sourceTree = BUILT_PRODUCTS_DIR; };
		222532A4176F2AEA00358368 /* UIKit.framework */ = {isa = PBXFileReference; lastKnownFileType = wrapper.framework; name = UIKit.framework; path = System/Library/Frameworks/UIKit.framework; sourceTree = SDKROOT; };
		222532A7176F2AEA00358368 /* CoreGraphics.framework */ = {isa = PBXFileReference; lastKnownFileType = wrapper.framework; name = CoreGraphics.framework; path = System/Library/Frameworks/CoreGraphics.framework; sourceTree = SDKROOT; };
		222532AB176F2AEA00358368 /* snmpGetSample-Info.plist */ = {isa = PBXFileReference; lastKnownFileType = text.plist.xml; path = "snmpGetSample-Info.plist"; sourceTree = "<group>"; };
		222532AD176F2AEA00358368 /* en */ = {isa = PBXFileReference; lastKnownFileType = text.plist.strings; name = en; path = en.lproj/InfoPlist.strings; sourceTree = "<group>"; };
		222532AF176F2AEA00358368 /* main.m */ = {isa = PBXFileReference; lastKnownFileType = sourcecode.c.objc; path = main.m; sourceTree = "<group>"; };
		222532B1176F2AEA00358368 /* snmpGetSample-Prefix.pch */ = {isa = PBXFileReference; lastKnownFileType = sourcecode.c.h; path = "snmpGetSample-Prefix.pch"; sourceTree = "<group>"; };
		222532B2176F2AEA00358368 /* AppDelegate.h */ = {isa = PBXFileReference; lastKnownFileType = sourcecode.c.h; path = AppDelegate.h; sourceTree = "<group>"; };
		222532B3176F2AEA00358368 /* AppDelegate.m */ = {isa = PBXFileReference; lastKnownFileType = sourcecode.c.objc; path = AppDelegate.m; sourceTree = "<group>"; };
		222532B5176F2AEA00358368 /* Default.png */ = {isa = PBXFileReference; lastKnownFileType = image.png; path = Default.png; sourceTree = "<group>"; };
		222532B7176F2AEA00358368 /* Default@2x.png */ = {isa = PBXFileReference; lastKnownFileType = image.png; path = "Default@2x.png"; sourceTree = "<group>"; };
		222532B9176F2AEA00358368 /* Default-568h@2x.png */ = {isa = PBXFileReference; lastKnownFileType = image.png; path = "Default-568h@2x.png"; sourceTree = "<group>"; };
		222532BC176F2AEA00358368 /* en */ = {isa = PBXFileReference; lastKnownFileType = file.storyboard; name = en; path = en.lproj/MainStoryboard.storyboard; sourceTree = "<group>"; };
		222532BE176F2AEA00358368 /* ViewController.h */ = {isa = PBXFileReference; lastKnownFileType = sourcecode.c.h; path = ViewController.h; sourceTree = "<group>"; };
		222532BF176F2AEA00358368 /* ViewController.m */ = {isa = PBXFileReference; lastKnownFileType = sourcecode.c.objc; path = ViewController.m; sourceTree = "<group>"; };
		222532C8176F2BCA00358368 /* SNMPController.h */ = {isa = PBXFileReference; fileEncoding = 4; lastKnownFileType = sourcecode.c.h; path = SNMPController.h; sourceTree = "<group>"; };
		222532C9176F2BCA00358368 /* SNMPController.mm */ = {isa = PBXFileReference; fileEncoding = 4; lastKnownFileType = sourcecode.cpp.objcpp; path = SNMPController.mm; sourceTree = "<group>"; };
		22517C4E1758CE1E00961906 /* README.md */ = {isa = PBXFileReference; fileEncoding = 4; lastKnownFileType = text; path = README.md; sourceTree = "<group>"; };
		22DB733816401FE600924BEB /* libMobileSNMP_PP.a */ = {isa = PBXFileReference; explicitFileType = archive.ar; includeInIndex = 0; path = libMobileSNMP_PP.a; sourceTree = BUILT_PRODUCTS_DIR; };
		22DB733B16401FE600924BEB /* Foundation.framework */ = {isa = PBXFileReference; lastKnownFileType = wrapper.framework; name = Foundation.framework; path = System/Library/Frameworks/Foundation.framework; sourceTree = SDKROOT; };
		22DB733F16401FE600924BEB /* Mobile SNMP++-Prefix.pch */ = {isa = PBXFileReference; lastKnownFileType = sourcecode.c.h; path = "Mobile SNMP++-Prefix.pch"; sourceTree = "<group>"; };
		22DB73491640202D00924BEB /* XISMobile_SNMP_PP.h */ = {isa = PBXFileReference; fileEncoding = 4; lastKnownFileType = sourcecode.c.h; path = XISMobile_SNMP_PP.h; sourceTree = "<group>"; };
		22DB734A1640202D00924BEB /* XISMobile_SNMP_PP.mm */ = {isa = PBXFileReference; fileEncoding = 4; lastKnownFileType = sourcecode.cpp.objcpp; path = XISMobile_SNMP_PP.mm; sourceTree = "<group>"; };
		22DB734E1640205B00924BEB /* address.h */ = {isa = PBXFileReference; fileEncoding = 4; lastKnownFileType = sourcecode.c.h; path = address.h; sourceTree = "<group>"; };
		22DB734F1640205B00924BEB /* asn1.h */ = {isa = PBXFileReference; fileEncoding = 4; lastKnownFileType = sourcecode.c.h; path = asn1.h; sourceTree = "<group>"; };
		22DB73501640205B00924BEB /* auth_priv.h */ = {isa = PBXFileReference; fileEncoding = 4; lastKnownFileType = sourcecode.c.h; path = auth_priv.h; sourceTree = "<group>"; };
		22DB73511640205B00924BEB /* collect.h */ = {isa = PBXFileReference; fileEncoding = 4; lastKnownFileType = sourcecode.c.h; path = collect.h; sourceTree = "<group>"; };
		22DB73521640205B00924BEB /* config_snmp_pp.h */ = {isa = PBXFileReference; fileEncoding = 4; lastKnownFileType = sourcecode.c.h; path = config_snmp_pp.h; sourceTree = "<group>"; };
		22DB73531640205B00924BEB /* counter.h */ = {isa = PBXFileReference; fileEncoding = 4; lastKnownFileType = sourcecode.c.h; path = counter.h; sourceTree = "<group>"; };
		22DB73541640205B00924BEB /* ctr64.h */ = {isa = PBXFileReference; fileEncoding = 4; lastKnownFileType = sourcecode.c.h; path = ctr64.h; sourceTree = "<group>"; };
		22DB73551640205B00924BEB /* eventlist.h */ = {isa = PBXFileReference; fileEncoding = 4; lastKnownFileType = sourcecode.c.h; path = eventlist.h; sourceTree = "<group>"; };
		22DB73561640205B00924BEB /* eventlistholder.h */ = {isa = PBXFileReference; fileEncoding = 4; lastKnownFileType = sourcecode.c.h; path = eventlistholder.h; sourceTree = "<group>"; };
		22DB73571640205B00924BEB /* gauge.h */ = {isa = PBXFileReference; fileEncoding = 4; lastKnownFileType = sourcecode.c.h; path = gauge.h; sourceTree = "<group>"; };
		22DB73581640205B00924BEB /* idea.h */ = {isa = PBXFileReference; fileEncoding = 4; lastKnownFileType = sourcecode.c.h; path = idea.h; sourceTree = "<group>"; };
		22DB73591640205B00924BEB /* integer.h */ = {isa = PBXFileReference; fileEncoding = 4; lastKnownFileType = sourcecode.c.h; path = integer.h; sourceTree = "<group>"; };
		22DB735A1640205B00924BEB /* IPv6Utility.h */ = {isa = PBXFileReference; fileEncoding = 4; lastKnownFileType = sourcecode.c.h; path = IPv6Utility.h; sourceTree = "<group>"; };
		22DB735B1640205B00924BEB /* log.h */ = {isa = PBXFileReference; fileEncoding = 4; lastKnownFileType = sourcecode.c.h; path = log.h; sourceTree = "<group>"; };
		22DB735C1640205B00924BEB /* md5.h */ = {isa = PBXFileReference; fileEncoding = 4; lastKnownFileType = sourcecode.c.h; path = md5.h; sourceTree = "<group>"; };
		22DB735D1640205B00924BEB /* mp_v3.h */ = {isa = PBXFileReference; fileEncoding = 4; lastKnownFileType = sourcecode.c.h; path = mp_v3.h; sourceTree = "<group>"; };
		22DB735E1640205B00924BEB /* msec.h */ = {isa = PBXFileReference; fileEncoding = 4; lastKnownFileType = sourcecode.c.h; path = msec.h; sourceTree = "<group>"; };
		22DB735F1640205B00924BEB /* msgqueue.h */ = {isa = PBXFileReference; fileEncoding = 4; lastKnownFileType = sourcecode.c.h; path = msgqueue.h; sourceTree = "<group>"; };
		22DB73601640205B00924BEB /* notifyqueue.h */ = {isa = PBXFileReference; fileEncoding = 4; lastKnownFileType = sourcecode.c.h; path = notifyqueue.h; sourceTree = "<group>"; };
		22DB73611640205B00924BEB /* octet.h */ = {isa = PBXFileReference; fileEncoding = 4; lastKnownFileType = sourcecode.c.h; path = octet.h; sourceTree = "<group>"; };
		22DB73621640205B00924BEB /* oid.h */ = {isa = PBXFileReference; fileEncoding = 4; lastKnownFileType = sourcecode.c.h; path = oid.h; sourceTree = "<group>"; };
		22DB73631640205B00924BEB /* oid_def.h */ = {isa = PBXFileReference; fileEncoding = 4; lastKnownFileType = sourcecode.c.h; path = oid_def.h; sourceTree = "<group>"; };
		22DB73641640205B00924BEB /* pdu.h */ = {isa = PBXFileReference; fileEncoding = 4; lastKnownFileType = sourcecode.c.h; path = pdu.h; sourceTree = "<group>"; };
		22DB73651640205B00924BEB /* reentrant.h */ = {isa = PBXFileReference; fileEncoding = 4; lastKnownFileType = sourcecode.c.h; path = reentrant.h; sourceTree = "<group>"; };
		22DB73661640205B00924BEB /* sha.h */ = {isa = PBXFileReference; fileEncoding = 4; lastKnownFileType = sourcecode.c.h; path = sha.h; sourceTree = "<group>"; };
		22DB73671640205B00924BEB /* smi.h */ = {isa = PBXFileReference; fileEncoding = 4; lastKnownFileType = sourcecode.c.h; path = smi.h; sourceTree = "<group>"; };
		22DB73681640205B00924BEB /* smival.h */ = {isa = PBXFileReference; fileEncoding = 4; lastKnownFileType = sourcecode.c.h; path = smival.h; sourceTree = "<group>"; };
		22DB73691640205B00924BEB /* snmp_pp.h */ = {isa = PBXFileReference; fileEncoding = 4; lastKnownFileType = sourcecode.c.h; path = snmp_pp.h; sourceTree = "<group>"; };
		22DB736A1640205B00924BEB /* snmperrs.h */ = {isa = PBXFileReference; fileEncoding = 4; lastKnownFileType = sourcecode.c.h; path = snmperrs.h; sourceTree = "<group>"; };
		22DB736B1640205B00924BEB /* snmpmsg.h */ = {isa = PBXFileReference; fileEncoding = 4; lastKnownFileType = sourcecode.c.h; path = snmpmsg.h; sourceTree = "<group>"; };
		22DB736C1640205B00924BEB /* target.h */ = {isa = PBXFileReference; fileEncoding = 4; lastKnownFileType = sourcecode.c.h; path = target.h; sourceTree = "<group>"; };
		22DB736D1640205B00924BEB /* timetick.h */ = {isa = PBXFileReference; fileEncoding = 4; lastKnownFileType = sourcecode.c.h; path = timetick.h; sourceTree = "<group>"; };
		22DB736E1640205B00924BEB /* usm_v3.h */ = {isa = PBXFileReference; fileEncoding = 4; lastKnownFileType = sourcecode.c.h; path = usm_v3.h; sourceTree = "<group>"; };
		22DB736F1640205B00924BEB /* uxsnmp.h */ = {isa = PBXFileReference; fileEncoding = 4; lastKnownFileType = sourcecode.c.h; path = uxsnmp.h; sourceTree = "<group>"; };
		22DB73701640205B00924BEB /* v3.h */ = {isa = PBXFileReference; fileEncoding = 4; lastKnownFileType = sourcecode.c.h; path = v3.h; sourceTree = "<group>"; };
		22DB73711640205B00924BEB /* vb.h */ = {isa = PBXFileReference; fileEncoding = 4; lastKnownFileType = sourcecode.c.h; path = vb.h; sourceTree = "<group>"; };
		22DB73761640205B00924BEB /* address.cpp */ = {isa = PBXFileReference; fileEncoding = 4; lastKnownFileType = sourcecode.cpp.cpp; path = address.cpp; sourceTree = "<group>"; };
		22DB73791640205C00924BEB /* asn1.cpp */ = {isa = PBXFileReference; fileEncoding = 4; lastKnownFileType = sourcecode.cpp.cpp; path = asn1.cpp; sourceTree = "<group>"; };
		22DB737C1640205C00924BEB /* auth_priv.cpp */ = {isa = PBXFileReference; fileEncoding = 4; lastKnownFileType = sourcecode.cpp.cpp; path = auth_priv.cpp; sourceTree = "<group>"; };
		22DB737F1640205C00924BEB /* common.mk */ = {isa = PBXFileReference; fileEncoding = 4; lastKnownFileType = text; path = common.mk; sourceTree = "<group>"; };
		22DB73801640205C00924BEB /* counter.cpp */ = {isa = PBXFileReference; fileEncoding = 4; lastKnownFileType = sourcecode.cpp.cpp; path = counter.cpp; sourceTree = "<group>"; };
		22DB73831640205C00924BEB /* ctr64.cpp */ = {isa = PBXFileReference; fileEncoding = 4; lastKnownFileType = sourcecode.cpp.cpp; path = ctr64.cpp; sourceTree = "<group>"; };
		22DB73861640205C00924BEB /* eventlist.cpp */ = {isa = PBXFileReference; fileEncoding = 4; lastKnownFileType = sourcecode.cpp.cpp; path = eventlist.cpp; sourceTree = "<group>"; };
		22DB73891640205C00924BEB /* eventlistholder.cpp */ = {isa = PBXFileReference; fileEncoding = 4; lastKnownFileType = sourcecode.cpp.cpp; path = eventlistholder.cpp; sourceTree = "<group>"; };
		22DB738C1640205C00924BEB /* gauge.cpp */ = {isa = PBXFileReference; fileEncoding = 4; lastKnownFileType = sourcecode.cpp.cpp; path = gauge.cpp; sourceTree = "<group>"; };
		22DB738F1640205C00924BEB /* idea.cpp */ = {isa = PBXFileReference; fileEncoding = 4; lastKnownFileType = sourcecode.cpp.cpp; path = idea.cpp; sourceTree = "<group>"; };
		22DB73921640205C00924BEB /* integer.cpp */ = {isa = PBXFileReference; fileEncoding = 4; lastKnownFileType = sourcecode.cpp.cpp; path = integer.cpp; sourceTree = "<group>"; };
		22DB73951640205C00924BEB /* IPv6Utility.cpp */ = {isa = PBXFileReference; fileEncoding = 4; lastKnownFileType = sourcecode.cpp.cpp; path = IPv6Utility.cpp; sourceTree = "<group>"; };
		22DB73981640205C00924BEB /* log.cpp */ = {isa = PBXFileReference; fileEncoding = 4; lastKnownFileType = sourcecode.cpp.cpp; path = log.cpp; sourceTree = "<group>"; };
		22DB739B1640205C00924BEB /* Makefile.aix5 */ = {isa = PBXFileReference; fileEncoding = 4; lastKnownFileType = text; path = Makefile.aix5; sourceTree = "<group>"; };
		22DB739C1640205C00924BEB /* Makefile.bcc */ = {isa = PBXFileReference; fileEncoding = 4; lastKnownFileType = text; path = Makefile.bcc; sourceTree = "<group>"; };
		22DB739D1640205C00924BEB /* Makefile.dunix */ = {isa = PBXFileReference; fileEncoding = 4; lastKnownFileType = text; path = Makefile.dunix; sourceTree = "<group>"; };
		22DB739E1640205C00924BEB /* Makefile.gcc_solaris */ = {isa = PBXFileReference; fileEncoding = 4; lastKnownFileType = text; path = Makefile.gcc_solaris; sourceTree = "<group>"; };
		22DB739F1640205C00924BEB /* Makefile.hpux11 */ = {isa = PBXFileReference; fileEncoding = 4; lastKnownFileType = text; path = Makefile.hpux11; sourceTree = "<group>"; };
		22DB73A01640205C00924BEB /* Makefile.iOS_armv6 */ = {isa = PBXFileReference; fileEncoding = 4; lastKnownFileType = text; path = Makefile.iOS_armv6; sourceTree = "<group>"; };
		22DB73A11640205C00924BEB /* Makefile.iOS_armv7 */ = {isa = PBXFileReference; fileEncoding = 4; lastKnownFileType = text; path = Makefile.iOS_armv7; sourceTree = "<group>"; };
		22DB73A21640205C00924BEB /* Makefile.iOS_Sim */ = {isa = PBXFileReference; fileEncoding = 4; lastKnownFileType = text; path = Makefile.iOS_Sim; sourceTree = "<group>"; };
		22DB73A31640205C00924BEB /* Makefile.linux */ = {isa = PBXFileReference; fileEncoding = 4; lastKnownFileType = text; path = Makefile.linux; sourceTree = "<group>"; };
		22DB73A41640205C00924BEB /* Makefile.OSX */ = {isa = PBXFileReference; fileEncoding = 4; lastKnownFileType = text; path = Makefile.OSX; sourceTree = "<group>"; };
		22DB73A51640205C00924BEB /* Makefile.solaris */ = {isa = PBXFileReference; fileEncoding = 4; lastKnownFileType = text; path = Makefile.solaris; sourceTree = "<group>"; };
		22DB73A61640205C00924BEB /* md5c.cpp */ = {isa = PBXFileReference; fileEncoding = 4; lastKnownFileType = sourcecode.cpp.cpp; path = md5c.cpp; sourceTree = "<group>"; };
		22DB73A91640205C00924BEB /* mp_v3.cpp */ = {isa = PBXFileReference; fileEncoding = 4; lastKnownFileType = sourcecode.cpp.cpp; path = mp_v3.cpp; sourceTree = "<group>"; };
		22DB73AC1640205C00924BEB /* msec.cpp */ = {isa = PBXFileReference; fileEncoding = 4; lastKnownFileType = sourcecode.cpp.cpp; path = msec.cpp; sourceTree = "<group>"; };
		22DB73AF1640205C00924BEB /* msgqueue.cpp */ = {isa = PBXFileReference; fileEncoding = 4; lastKnownFileType = sourcecode.cpp.cpp; path = msgqueue.cpp; sourceTree = "<group>"; };
		22DB73B21640205C00924BEB /* notifyqueue.cpp */ = {isa = PBXFileReference; fileEncoding = 4; lastKnownFileType = sourcecode.cpp.cpp; path = notifyqueue.cpp; sourceTree = "<group>"; };
		22DB73B51640205C00924BEB /* octet.cpp */ = {isa = PBXFileReference; fileEncoding = 4; lastKnownFileType = sourcecode.cpp.cpp; path = octet.cpp; sourceTree = "<group>"; };
		22DB73B81640205C00924BEB /* oid.cpp */ = {isa = PBXFileReference; fileEncoding = 4; lastKnownFileType = sourcecode.cpp.cpp; path = oid.cpp; sourceTree = "<group>"; };
		22DB73BB1640205C00924BEB /* pdu.cpp */ = {isa = PBXFileReference; fileEncoding = 4; lastKnownFileType = sourcecode.cpp.cpp; path = pdu.cpp; sourceTree = "<group>"; };
		22DB73BE1640205C00924BEB /* reentrant.cpp */ = {isa = PBXFileReference; fileEncoding = 4; lastKnownFileType = sourcecode.cpp.cpp; path = reentrant.cpp; sourceTree = "<group>"; };
		22DB73C11640205C00924BEB /* sha.cpp */ = {isa = PBXFileReference; fileEncoding = 4; lastKnownFileType = sourcecode.cpp.cpp; path = sha.cpp; sourceTree = "<group>"; };
		22DB73C41640205C00924BEB /* snmpmsg.cpp */ = {isa = PBXFileReference; fileEncoding = 4; lastKnownFileType = sourcecode.cpp.cpp; path = snmpmsg.cpp; sourceTree = "<group>"; };
		22DB73C71640205C00924BEB /* target.cpp */ = {isa = PBXFileReference; fileEncoding = 4; lastKnownFileType = sourcecode.cpp.cpp; path = target.cpp; sourceTree = "<group>"; };
		22DB73CA1640205C00924BEB /* timetick.cpp */ = {isa = PBXFileReference; fileEncoding = 4; lastKnownFileType = sourcecode.cpp.cpp; path = timetick.cpp; sourceTree = "<group>"; };
		22DB73CD1640205C00924BEB /* usm_v3.cpp */ = {isa = PBXFileReference; fileEncoding = 4; lastKnownFileType = sourcecode.cpp.cpp; path = usm_v3.cpp; sourceTree = "<group>"; };
		22DB73D01640205C00924BEB /* uxsnmp.cpp */ = {isa = PBXFileReference; fileEncoding = 4; lastKnownFileType = sourcecode.cpp.cpp; path = uxsnmp.cpp; sourceTree = "<group>"; };
		22DB73D31640205C00924BEB /* v3.cpp */ = {isa = PBXFileReference; fileEncoding = 4; lastKnownFileType = sourcecode.cpp.cpp; path = v3.cpp; sourceTree = "<group>"; };
		22DB73D61640205C00924BEB /* vb.cpp */ = {isa = PBXFileReference; fileEncoding = 4; lastKnownFileType = sourcecode.cpp.cpp; path = vb.cpp; sourceTree = "<group>"; };
		22DB74311640208700924BEB /* XIS_SNMPDefinitions.h */ = {isa = PBXFileReference; fileEncoding = 4; lastKnownFileType = sourcecode.c.h; path = XIS_SNMPDefinitions.h; sourceTree = "<group>"; };
		22EB926B16406612000CFA4A /* LICENSE */ = {isa = PBXFileReference; fileEncoding = 4; lastKnownFileType = text; path = LICENSE; sourceTree = "<group>"; };
/* End PBXFileReference section */

/* Begin PBXFrameworksBuildPhase section */
		222532A0176F2AEA00358368 /* Frameworks */ = {
			isa = PBXFrameworksBuildPhase;
			buildActionMask = 2147483647;
			files = (
				222532CD176F46A900358368 /* libMobileSNMP_PP.a in Frameworks */,
				222532A5176F2AEA00358368 /* UIKit.framework in Frameworks */,
				222532A6176F2AEA00358368 /* Foundation.framework in Frameworks */,
				222532A8176F2AEA00358368 /* CoreGraphics.framework in Frameworks */,
			);
			runOnlyForDeploymentPostprocessing = 0;
		};
		22DB733516401FE600924BEB /* Frameworks */ = {
			isa = PBXFrameworksBuildPhase;
			buildActionMask = 2147483647;
			files = (
				22DB733C16401FE600924BEB /* Foundation.framework in Frameworks */,
			);
			runOnlyForDeploymentPostprocessing = 0;
		};
/* End PBXFrameworksBuildPhase section */

/* Begin PBXGroup section */
		222532A9176F2AEA00358368 /* snmpGetSample */ = {
			isa = PBXGroup;
			children = (
				222532B2176F2AEA00358368 /* AppDelegate.h */,
				222532B3176F2AEA00358368 /* AppDelegate.m */,
				222532BB176F2AEA00358368 /* MainStoryboard.storyboard */,
				222532BE176F2AEA00358368 /* ViewController.h */,
				222532BF176F2AEA00358368 /* ViewController.m */,
				222532AA176F2AEA00358368 /* Supporting Files */,
				222532C8176F2BCA00358368 /* SNMPController.h */,
				222532C9176F2BCA00358368 /* SNMPController.mm */,
			);
			path = snmpGetSample;
			sourceTree = "<group>";
		};
		222532AA176F2AEA00358368 /* Supporting Files */ = {
			isa = PBXGroup;
			children = (
				222532AB176F2AEA00358368 /* snmpGetSample-Info.plist */,
				222532AC176F2AEA00358368 /* InfoPlist.strings */,
				222532AF176F2AEA00358368 /* main.m */,
				222532B1176F2AEA00358368 /* snmpGetSample-Prefix.pch */,
				222532B5176F2AEA00358368 /* Default.png */,
				222532B7176F2AEA00358368 /* Default@2x.png */,
				222532B9176F2AEA00358368 /* Default-568h@2x.png */,
			);
			name = "Supporting Files";
			sourceTree = "<group>";
		};
		22DB732D16401FE600924BEB = {
			isa = PBXGroup;
			children = (
				22517C4E1758CE1E00961906 /* README.md */,
				22EB926B16406612000CFA4A /* LICENSE */,
				22DB733D16401FE600924BEB /* Mobile SNMP++ */,
				222532A9176F2AEA00358368 /* snmpGetSample */,
				22DB733A16401FE600924BEB /* Frameworks */,
				22DB733916401FE600924BEB /* Products */,
			);
			sourceTree = "<group>";
		};
		22DB733916401FE600924BEB /* Products */ = {
			isa = PBXGroup;
			children = (
				22DB733816401FE600924BEB /* libMobileSNMP_PP.a */,
				222532A3176F2AEA00358368 /* snmpGetSample.app */,
			);
			name = Products;
			sourceTree = "<group>";
		};
		22DB733A16401FE600924BEB /* Frameworks */ = {
			isa = PBXGroup;
			children = (
				22DB733B16401FE600924BEB /* Foundation.framework */,
				222532A4176F2AEA00358368 /* UIKit.framework */,
				222532A7176F2AEA00358368 /* CoreGraphics.framework */,
			);
			name = Frameworks;
			sourceTree = "<group>";
		};
		22DB733D16401FE600924BEB /* Mobile SNMP++ */ = {
			isa = PBXGroup;
			children = (
				22DB74311640208700924BEB /* XIS_SNMPDefinitions.h */,
				22DB734C1640205B00924BEB /* include */,
				22DB73751640205B00924BEB /* src */,
				22DB734A1640202D00924BEB /* XISMobile_SNMP_PP.mm */,
				22DB73491640202D00924BEB /* XISMobile_SNMP_PP.h */,
				22DB733E16401FE600924BEB /* Supporting Files */,
			);
			path = "Mobile SNMP++";
			sourceTree = "<group>";
		};
		22DB733E16401FE600924BEB /* Supporting Files */ = {
			isa = PBXGroup;
			children = (
				22DB733F16401FE600924BEB /* Mobile SNMP++-Prefix.pch */,
			);
			name = "Supporting Files";
			sourceTree = "<group>";
		};
		22DB734C1640205B00924BEB /* include */ = {
			isa = PBXGroup;
			children = (
				22DB734D1640205B00924BEB /* snmp_pp */,
			);
			path = include;
			sourceTree = "<group>";
		};
		22DB734D1640205B00924BEB /* snmp_pp */ = {
			isa = PBXGroup;
			children = (
				22DB734E1640205B00924BEB /* address.h */,
				22DB734F1640205B00924BEB /* asn1.h */,
				22DB73501640205B00924BEB /* auth_priv.h */,
				22DB73511640205B00924BEB /* collect.h */,
				22DB73521640205B00924BEB /* config_snmp_pp.h */,
				22DB73531640205B00924BEB /* counter.h */,
				22DB73541640205B00924BEB /* ctr64.h */,
				22DB73551640205B00924BEB /* eventlist.h */,
				22DB73561640205B00924BEB /* eventlistholder.h */,
				22DB73571640205B00924BEB /* gauge.h */,
				22DB73581640205B00924BEB /* idea.h */,
				22DB73591640205B00924BEB /* integer.h */,
				22DB735A1640205B00924BEB /* IPv6Utility.h */,
				22DB735B1640205B00924BEB /* log.h */,
				22DB735C1640205B00924BEB /* md5.h */,
				22DB735D1640205B00924BEB /* mp_v3.h */,
				22DB735E1640205B00924BEB /* msec.h */,
				22DB735F1640205B00924BEB /* msgqueue.h */,
				22DB73601640205B00924BEB /* notifyqueue.h */,
				22DB73611640205B00924BEB /* octet.h */,
				22DB73621640205B00924BEB /* oid.h */,
				22DB73631640205B00924BEB /* oid_def.h */,
				22DB73641640205B00924BEB /* pdu.h */,
				22DB73651640205B00924BEB /* reentrant.h */,
				22DB73661640205B00924BEB /* sha.h */,
				22DB73671640205B00924BEB /* smi.h */,
				22DB73681640205B00924BEB /* smival.h */,
				22DB73691640205B00924BEB /* snmp_pp.h */,
				22DB736A1640205B00924BEB /* snmperrs.h */,
				22DB736B1640205B00924BEB /* snmpmsg.h */,
				22DB736C1640205B00924BEB /* target.h */,
				22DB736D1640205B00924BEB /* timetick.h */,
				22DB736E1640205B00924BEB /* usm_v3.h */,
				22DB736F1640205B00924BEB /* uxsnmp.h */,
				22DB73701640205B00924BEB /* v3.h */,
				22DB73711640205B00924BEB /* vb.h */,
			);
			path = snmp_pp;
			sourceTree = "<group>";
		};
		22DB73751640205B00924BEB /* src */ = {
			isa = PBXGroup;
			children = (
				22DB73761640205B00924BEB /* address.cpp */,
				22DB73791640205C00924BEB /* asn1.cpp */,
				22DB737C1640205C00924BEB /* auth_priv.cpp */,
				22DB737F1640205C00924BEB /* common.mk */,
				22DB73801640205C00924BEB /* counter.cpp */,
				22DB73831640205C00924BEB /* ctr64.cpp */,
				22DB73861640205C00924BEB /* eventlist.cpp */,
				22DB73891640205C00924BEB /* eventlistholder.cpp */,
				22DB738C1640205C00924BEB /* gauge.cpp */,
				22DB738F1640205C00924BEB /* idea.cpp */,
				22DB73921640205C00924BEB /* integer.cpp */,
				22DB73951640205C00924BEB /* IPv6Utility.cpp */,
				22DB73981640205C00924BEB /* log.cpp */,
				22DB739B1640205C00924BEB /* Makefile.aix5 */,
				22DB739C1640205C00924BEB /* Makefile.bcc */,
				22DB739D1640205C00924BEB /* Makefile.dunix */,
				22DB739E1640205C00924BEB /* Makefile.gcc_solaris */,
				22DB739F1640205C00924BEB /* Makefile.hpux11 */,
				22DB73A01640205C00924BEB /* Makefile.iOS_armv6 */,
				22DB73A11640205C00924BEB /* Makefile.iOS_armv7 */,
				22DB73A21640205C00924BEB /* Makefile.iOS_Sim */,
				22DB73A31640205C00924BEB /* Makefile.linux */,
				22DB73A41640205C00924BEB /* Makefile.OSX */,
				22DB73A51640205C00924BEB /* Makefile.solaris */,
				22DB73A61640205C00924BEB /* md5c.cpp */,
				22DB73A91640205C00924BEB /* mp_v3.cpp */,
				22DB73AC1640205C00924BEB /* msec.cpp */,
				22DB73AF1640205C00924BEB /* msgqueue.cpp */,
				22DB73B21640205C00924BEB /* notifyqueue.cpp */,
				22DB73B51640205C00924BEB /* octet.cpp */,
				22DB73B81640205C00924BEB /* oid.cpp */,
				22DB73BB1640205C00924BEB /* pdu.cpp */,
				22DB73BE1640205C00924BEB /* reentrant.cpp */,
				22DB73C11640205C00924BEB /* sha.cpp */,
				22DB73C41640205C00924BEB /* snmpmsg.cpp */,
				22DB73C71640205C00924BEB /* target.cpp */,
				22DB73CA1640205C00924BEB /* timetick.cpp */,
				22DB73CD1640205C00924BEB /* usm_v3.cpp */,
				22DB73D01640205C00924BEB /* uxsnmp.cpp */,
				22DB73D31640205C00924BEB /* v3.cpp */,
				22DB73D61640205C00924BEB /* vb.cpp */,
			);
			path = src;
			sourceTree = "<group>";
		};
/* End PBXGroup section */

/* Begin PBXNativeTarget section */
		222532A2176F2AEA00358368 /* snmpGetSample */ = {
			isa = PBXNativeTarget;
			buildConfigurationList = 222532C3176F2AEA00358368 /* Build configuration list for PBXNativeTarget "snmpGetSample" */;
			buildPhases = (
				2225329F176F2AEA00358368 /* Sources */,
				222532A0176F2AEA00358368 /* Frameworks */,
				222532A1176F2AEA00358368 /* Resources */,
			);
			buildRules = (
			);
			dependencies = (
				222532CF176F46AF00358368 /* PBXTargetDependency */,
			);
			name = snmpGetSample;
			productName = snmpGetSample;
			productReference = 222532A3176F2AEA00358368 /* snmpGetSample.app */;
			productType = "com.apple.product-type.application";
		};
		22DB733716401FE600924BEB /* MobileSNMP_PP */ = {
			isa = PBXNativeTarget;
			buildConfigurationList = 22DB734616401FE600924BEB /* Build configuration list for PBXNativeTarget "MobileSNMP_PP" */;
			buildPhases = (
				22DB733416401FE600924BEB /* Sources */,
				22DB733516401FE600924BEB /* Frameworks */,
				22DB733616401FE600924BEB /* CopyFiles */,
			);
			buildRules = (
			);
			dependencies = (
			);
			name = MobileSNMP_PP;
			productName = "Mobile SNMP++";
			productReference = 22DB733816401FE600924BEB /* libMobileSNMP_PP.a */;
			productType = "com.apple.product-type.library.static";
		};
/* End PBXNativeTarget section */

/* Begin PBXProject section */
		22DB732F16401FE600924BEB /* Project object */ = {
			isa = PBXProject;
			attributes = {
				LastUpgradeCheck = 0450;
				ORGANIZATIONNAME = "Xander Maas";
			};
			buildConfigurationList = 22DB733216401FE600924BEB /* Build configuration list for PBXProject "Mobile SNMP++" */;
			compatibilityVersion = "Xcode 3.2";
			developmentRegion = English;
			hasScannedForEncodings = 0;
			knownRegions = (
				en,
			);
			mainGroup = 22DB732D16401FE600924BEB;
			productRefGroup = 22DB733916401FE600924BEB /* Products */;
			projectDirPath = "";
			projectRoot = "";
			targets = (
				22DB733716401FE600924BEB /* MobileSNMP_PP */,
				222532A2176F2AEA00358368 /* snmpGetSample */,
			);
		};
/* End PBXProject section */

/* Begin PBXResourcesBuildPhase section */
		222532A1176F2AEA00358368 /* Resources */ = {
			isa = PBXResourcesBuildPhase;
			buildActionMask = 2147483647;
			files = (
				222532D0176F484E00358368 /* XISMobile_SNMP_PP.h in Resources */,
				222532AE176F2AEA00358368 /* InfoPlist.strings in Resources */,
				222532B6176F2AEA00358368 /* Default.png in Resources */,
				222532B8176F2AEA00358368 /* Default@2x.png in Resources */,
				222532BA176F2AEA00358368 /* Default-568h@2x.png in Resources */,
				222532BD176F2AEA00358368 /* MainStoryboard.storyboard in Resources */,
			);
			runOnlyForDeploymentPostprocessing = 0;
		};
/* End PBXResourcesBuildPhase section */

/* Begin PBXSourcesBuildPhase section */
		2225329F176F2AEA00358368 /* Sources */ = {
			isa = PBXSourcesBuildPhase;
			buildActionMask = 2147483647;
			files = (
				222532B0176F2AEA00358368 /* main.m in Sources */,
				222532B4176F2AEA00358368 /* AppDelegate.m in Sources */,
				222532C0176F2AEA00358368 /* ViewController.m in Sources */,
				222532CA176F2BCA00358368 /* SNMPController.mm in Sources */,
			);
			runOnlyForDeploymentPostprocessing = 0;
		};
		22DB733416401FE600924BEB /* Sources */ = {
			isa = PBXSourcesBuildPhase;
			buildActionMask = 2147483647;
			files = (
				22DB734B1640202D00924BEB /* XISMobile_SNMP_PP.mm in Sources */,
				22DB73DA1640205C00924BEB /* address.cpp in Sources */,
				22DB73DD1640205C00924BEB /* asn1.cpp in Sources */,
				22DB73E01640205C00924BEB /* auth_priv.cpp in Sources */,
				22DB73E31640205C00924BEB /* counter.cpp in Sources */,
				22DB73E61640205C00924BEB /* ctr64.cpp in Sources */,
				22DB73E91640205C00924BEB /* eventlist.cpp in Sources */,
				22DB73EC1640205C00924BEB /* eventlistholder.cpp in Sources */,
				22DB73EF1640205C00924BEB /* gauge.cpp in Sources */,
				22DB73F21640205C00924BEB /* idea.cpp in Sources */,
				22DB73F51640205C00924BEB /* integer.cpp in Sources */,
				22DB73F81640205C00924BEB /* IPv6Utility.cpp in Sources */,
				22DB73FB1640205C00924BEB /* log.cpp in Sources */,
				22DB73FE1640205C00924BEB /* md5c.cpp in Sources */,
				22DB74011640205C00924BEB /* mp_v3.cpp in Sources */,
				22DB74041640205C00924BEB /* msec.cpp in Sources */,
				22DB74071640205C00924BEB /* msgqueue.cpp in Sources */,
				22DB740A1640205C00924BEB /* notifyqueue.cpp in Sources */,
				22DB740D1640205C00924BEB /* octet.cpp in Sources */,
				22DB74101640205C00924BEB /* oid.cpp in Sources */,
				22DB74131640205C00924BEB /* pdu.cpp in Sources */,
				22DB74161640205C00924BEB /* reentrant.cpp in Sources */,
				22DB74191640205C00924BEB /* sha.cpp in Sources */,
				22DB741C1640205C00924BEB /* snmpmsg.cpp in Sources */,
				22DB741F1640205C00924BEB /* target.cpp in Sources */,
				22DB74221640205C00924BEB /* timetick.cpp in Sources */,
				22DB74251640205C00924BEB /* usm_v3.cpp in Sources */,
				22DB74281640205C00924BEB /* uxsnmp.cpp in Sources */,
				22DB742B1640205C00924BEB /* v3.cpp in Sources */,
				22DB742E1640205C00924BEB /* vb.cpp in Sources */,
			);
			runOnlyForDeploymentPostprocessing = 0;
		};
/* End PBXSourcesBuildPhase section */

/* Begin PBXTargetDependency section */
		222532CF176F46AF00358368 /* PBXTargetDependency */ = {
			isa = PBXTargetDependency;
			target = 22DB733716401FE600924BEB /* MobileSNMP_PP */;
			targetProxy = 222532CE176F46AF00358368 /* PBXContainerItemProxy */;
		};
/* End PBXTargetDependency section */

/* Begin PBXVariantGroup section */
		222532AC176F2AEA00358368 /* InfoPlist.strings */ = {
			isa = PBXVariantGroup;
			children = (
				222532AD176F2AEA00358368 /* en */,
			);
			name = InfoPlist.strings;
			sourceTree = "<group>";
		};
		222532BB176F2AEA00358368 /* MainStoryboard.storyboard */ = {
			isa = PBXVariantGroup;
			children = (
				222532BC176F2AEA00358368 /* en */,
			);
			name = MainStoryboard.storyboard;
			sourceTree = "<group>";
		};
/* End PBXVariantGroup section */

/* Begin XCBuildConfiguration section */
		222532C1176F2AEA00358368 /* Debug */ = {
			isa = XCBuildConfiguration;
			buildSettings = {
				ALWAYS_SEARCH_USER_PATHS = NO;
				CLANG_WARN_CONSTANT_CONVERSION = YES;
				CLANG_WARN_ENUM_CONVERSION = YES;
				CLANG_WARN_INT_CONVERSION = YES;
				"CODE_SIGN_IDENTITY[sdk=iphoneos*]" = "iPhone Developer";
				GCC_PRECOMPILE_PREFIX_HEADER = YES;
				GCC_PREFIX_HEADER = "snmpGetSample/snmpGetSample-Prefix.pch";
				GCC_PREPROCESSOR_DEFINITIONS = "$(inherited)";
				INFOPLIST_FILE = "snmpGetSample/snmpGetSample-Info.plist";
				IPHONEOS_DEPLOYMENT_TARGET = 6.1;
				ONLY_ACTIVE_ARCH = YES;
				PRODUCT_NAME = "$(TARGET_NAME)";
				WRAPPER_EXTENSION = app;
			};
			name = Debug;
		};
		222532C2176F2AEA00358368 /* Release */ = {
			isa = XCBuildConfiguration;
			buildSettings = {
				ALWAYS_SEARCH_USER_PATHS = NO;
				CLANG_WARN_CONSTANT_CONVERSION = YES;
				CLANG_WARN_ENUM_CONVERSION = YES;
				CLANG_WARN_INT_CONVERSION = YES;
				"CODE_SIGN_IDENTITY[sdk=iphoneos*]" = "iPhone Developer";
				GCC_PRECOMPILE_PREFIX_HEADER = YES;
				GCC_PREFIX_HEADER = "snmpGetSample/snmpGetSample-Prefix.pch";
				INFOPLIST_FILE = "snmpGetSample/snmpGetSample-Info.plist";
				IPHONEOS_DEPLOYMENT_TARGET = 6.1;
				OTHER_CFLAGS = "-DNS_BLOCK_ASSERTIONS=1";
				PRODUCT_NAME = "$(TARGET_NAME)";
				WRAPPER_EXTENSION = app;
			};
			name = Release;
		};
		22DB734416401FE600924BEB /* Debug */ = {
			isa = XCBuildConfiguration;
			buildSettings = {
				ALWAYS_SEARCH_USER_PATHS = YES;
				CLANG_CXX_LANGUAGE_STANDARD = "gnu++0x";
				CLANG_CXX_LIBRARY = "libc++";
				CLANG_ENABLE_OBJC_ARC = YES;
				CLANG_WARN_EMPTY_BODY = YES;
				CLANG_WARN__DUPLICATE_METHOD_MATCH = YES;
				COPY_PHASE_STRIP = NO;
				DYLIB_CURRENT_VERSION = 1.1;
				GCC_C_LANGUAGE_STANDARD = gnu99;
				GCC_DYNAMIC_NO_PIC = NO;
				GCC_OPTIMIZATION_LEVEL = 0;
				GCC_PREPROCESSOR_DEFINITIONS = (
					"DEBUG=1",
					"$(inherited)",
				);
				GCC_SYMBOLS_PRIVATE_EXTERN = NO;
				GCC_WARN_ABOUT_RETURN_TYPE = YES;
				GCC_WARN_UNINITIALIZED_AUTOS = YES;
				GCC_WARN_UNUSED_VARIABLE = YES;
				IPHONEOS_DEPLOYMENT_TARGET = 5.0;
				SDKROOT = iphoneos;
				USER_HEADER_SEARCH_PATHS = "./**";
			};
			name = Debug;
		};
		22DB734516401FE600924BEB /* Release */ = {
			isa = XCBuildConfiguration;
			buildSettings = {
				ALWAYS_SEARCH_USER_PATHS = YES;
				CLANG_CXX_LANGUAGE_STANDARD = "gnu++0x";
				CLANG_CXX_LIBRARY = "libc++";
				CLANG_ENABLE_OBJC_ARC = YES;
				CLANG_WARN_EMPTY_BODY = YES;
				CLANG_WARN__DUPLICATE_METHOD_MATCH = YES;
				COPY_PHASE_STRIP = YES;
				DYLIB_CURRENT_VERSION = 1.1;
				GCC_C_LANGUAGE_STANDARD = gnu99;
				GCC_PREPROCESSOR_DEFINITIONS = "";
				GCC_WARN_ABOUT_RETURN_TYPE = YES;
				GCC_WARN_UNINITIALIZED_AUTOS = YES;
				GCC_WARN_UNUSED_VARIABLE = YES;
				IPHONEOS_DEPLOYMENT_TARGET = 5.0;
				SDKROOT = iphoneos;
				USER_HEADER_SEARCH_PATHS = "./**";
				VALIDATE_PRODUCT = YES;
			};
			name = Release;
		};
		22DB734716401FE600924BEB /* Debug */ = {
			isa = XCBuildConfiguration;
			buildSettings = {
				DSTROOT = /tmp/Mobile_SNMP__.dst;
				GCC_PRECOMPILE_PREFIX_HEADER = YES;
				GCC_PREFIX_HEADER = "Mobile SNMP++/Mobile SNMP++-Prefix.pch";
				OTHER_LDFLAGS = "-ObjC";
				PRODUCT_NAME = MobileSNMP_PP;
				SKIP_INSTALL = YES;
			};
			name = Debug;
		};
		22DB734816401FE600924BEB /* Release */ = {
			isa = XCBuildConfiguration;
			buildSettings = {
				DSTROOT = /tmp/Mobile_SNMP__.dst;
				GCC_PRECOMPILE_PREFIX_HEADER = YES;
				GCC_PREFIX_HEADER = "Mobile SNMP++/Mobile SNMP++-Prefix.pch";
				OTHER_LDFLAGS = "-ObjC";
				PRODUCT_NAME = MobileSNMP_PP;
				SKIP_INSTALL = YES;
			};
			name = Release;
		};
/* End XCBuildConfiguration section */

/* Begin XCConfigurationList section */
		222532C3176F2AEA00358368 /* Build configuration list for PBXNativeTarget "snmpGetSample" */ = {
			isa = XCConfigurationList;
			buildConfigurations = (
				222532C1176F2AEA00358368 /* Debug */,
				222532C2176F2AEA00358368 /* Release */,
			);
			defaultConfigurationIsVisible = 0;
		};
		22DB733216401FE600924BEB /* Build configuration list for PBXProject "Mobile SNMP++" */ = {
			isa = XCConfigurationList;
			buildConfigurations = (
				22DB734416401FE600924BEB /* Debug */,
				22DB734516401FE600924BEB /* Release */,
			);
			defaultConfigurationIsVisible = 0;
			defaultConfigurationName = Release;
		};
		22DB734616401FE600924BEB /* Build configuration list for PBXNativeTarget "MobileSNMP_PP" */ = {
			isa = XCConfigurationList;
			buildConfigurations = (
				22DB734716401FE600924BEB /* Debug */,
				22DB734816401FE600924BEB /* Release */,
			);
			defaultConfigurationIsVisible = 0;
			defaultConfigurationName = Release;
		};
/* End XCConfigurationList section */
	};
	rootObject = 22DB732F16401FE600924BEB /* Project object */;
}
